lockfileVersion: '6.1'

settings:
  autoInstallPeers: true
  excludeLinksFromLockfile: false

dependencies:
  stack-trace:
    specifier: 1.0.0-pre2
    version: 1.0.0-pre2

packages:

  /stack-trace@1.0.0-pre2:
    resolution: {integrity: sha512-2ztBJRek8IVofG9DBJqdy2N5kulaacX30Nz7xmkYF6ale9WBVmIy6mFBchvGX7Vx/MyjBhx+Rcxqrj+dbOnQ6A==}
    engines: {node: '>=16'}
    dev: false
